// !$*UTF8*$!
{
	archiveVersion = 1;
	classes = {
	};
	objectVersion = 56;
	objects = {

/* Begin PBXBuildFile section */
		3AD02CF9293D1FD8001DD655 /* AppDelegate.swift in Sources */ = {isa = PBXBuildFile; fileRef = 3AD02CF8293D1FD8001DD655 /* AppDelegate.swift */; };
		3AD02CFB293D1FD8001DD655 /* SceneDelegate.swift in Sources */ = {isa = PBXBuildFile; fileRef = 3AD02CFA293D1FD8001DD655 /* SceneDelegate.swift */; };
		3AD02CFD293D1FD8001DD655 /* ViewController.swift in Sources */ = {isa = PBXBuildFile; fileRef = 3AD02CFC293D1FD8001DD655 /* ViewController.swift */; };
		3AD02D00293D1FD8001DD655 /* Main.storyboard in Resources */ = {isa = PBXBuildFile; fileRef = 3AD02CFE293D1FD8001DD655 /* Main.storyboard */; };
		3AD02D02293D1FD9001DD655 /* Assets.xcassets in Resources */ = {isa = PBXBuildFile; fileRef = 3AD02D01293D1FD9001DD655 /* Assets.xcassets */; };
		3AD02D05293D1FD9001DD655 /* LaunchScreen.storyboard in Resources */ = {isa = PBXBuildFile; fileRef = 3AD02D03293D1FD9001DD655 /* LaunchScreen.storyboard */; };
		3AD02D14293D2014001DD655 /* f1version2 Watch App.app in Embed Watch Content */ = {isa = PBXBuildFile; fileRef = 3AD02D13293D2014001DD655 /* f1version2 Watch App.app */; settings = {ATTRIBUTES = (RemoveHeadersOnCopy, ); }; };
		3AD02D19293D2014001DD655 /* f1version2App.swift in Sources */ = {isa = PBXBuildFile; fileRef = 3AD02D18293D2014001DD655 /* f1version2App.swift */; };
		3AD02D1B293D2014001DD655 /* ContentView.swift in Sources */ = {isa = PBXBuildFile; fileRef = 3AD02D1A293D2014001DD655 /* ContentView.swift */; };
		3AD02D1D293D2015001DD655 /* Assets.xcassets in Resources */ = {isa = PBXBuildFile; fileRef = 3AD02D1C293D2015001DD655 /* Assets.xcassets */; };
		3AD02D20293D2015001DD655 /* Preview Assets.xcassets in Resources */ = {isa = PBXBuildFile; fileRef = 3AD02D1F293D2015001DD655 /* Preview Assets.xcassets */; };
		3AD02D29293D2097001DD655 /* MenuView.swift in Sources */ = {isa = PBXBuildFile; fileRef = 3AD02D28293D2097001DD655 /* MenuView.swift */; };
		3AD02D2B293D2684001DD655 /* RaceTracksView.swift in Sources */ = {isa = PBXBuildFile; fileRef = 3AD02D2A293D2684001DD655 /* RaceTracksView.swift */; };
/* End PBXBuildFile section */

/* Begin PBXContainerItemProxy section */
		3AD02D15293D2014001DD655 /* PBXContainerItemProxy */ = {
			isa = PBXContainerItemProxy;
			containerPortal = 3AD02CED293D1FD8001DD655 /* Project object */;
			proxyType = 1;
			remoteGlobalIDString = 3AD02D12293D2014001DD655;
			remoteInfo = "f1version2 Watch App";
		};
/* End PBXContainerItemProxy section */

/* Begin PBXCopyFilesBuildPhase section */
		3AD02D24293D2015001DD655 /* Embed Watch Content */ = {
			isa = PBXCopyFilesBuildPhase;
			buildActionMask = 2147483647;
			dstPath = "$(CONTENTS_FOLDER_PATH)/Watch";
			dstSubfolderSpec = 16;
			files = (
				3AD02D14293D2014001DD655 /* f1version2 Watch App.app in Embed Watch Content */,
			);
			name = "Embed Watch Content";
			runOnlyForDeploymentPostprocessing = 0;
		};
/* End PBXCopyFilesBuildPhase section */

/* Begin PBXFileReference section */
		3AD02CF5293D1FD8001DD655 /* testwatch.app */ = {isa = PBXFileReference; explicitFileType = wrapper.application; includeInIndex = 0; path = testwatch.app; sourceTree = BUILT_PRODUCTS_DIR; };
		3AD02CF8293D1FD8001DD655 /* AppDelegate.swift */ = {isa = PBXFileReference; lastKnownFileType = sourcecode.swift; path = AppDelegate.swift; sourceTree = "<group>"; };
		3AD02CFA293D1FD8001DD655 /* SceneDelegate.swift */ = {isa = PBXFileReference; lastKnownFileType = sourcecode.swift; path = SceneDelegate.swift; sourceTree = "<group>"; };
		3AD02CFC293D1FD8001DD655 /* ViewController.swift */ = {isa = PBXFileReference; lastKnownFileType = sourcecode.swift; path = ViewController.swift; sourceTree = "<group>"; };
		3AD02CFF293D1FD8001DD655 /* Base */ = {isa = PBXFileReference; lastKnownFileType = file.storyboard; name = Base; path = Base.lproj/Main.storyboard; sourceTree = "<group>"; };
		3AD02D01293D1FD9001DD655 /* Assets.xcassets */ = {isa = PBXFileReference; lastKnownFileType = folder.assetcatalog; path = Assets.xcassets; sourceTree = "<group>"; };
		3AD02D04293D1FD9001DD655 /* Base */ = {isa = PBXFileReference; lastKnownFileType = file.storyboard; name = Base; path = Base.lproj/LaunchScreen.storyboard; sourceTree = "<group>"; };
		3AD02D06293D1FD9001DD655 /* Info.plist */ = {isa = PBXFileReference; lastKnownFileType = text.plist.xml; path = Info.plist; sourceTree = "<group>"; };
		3AD02D0E293D2014001DD655 /* f1version2.app */ = {isa = PBXFileReference; explicitFileType = wrapper.application; includeInIndex = 0; path = f1version2.app; sourceTree = BUILT_PRODUCTS_DIR; };
		3AD02D13293D2014001DD655 /* f1version2 Watch App.app */ = {isa = PBXFileReference; explicitFileType = wrapper.application; includeInIndex = 0; path = "f1version2 Watch App.app"; sourceTree = BUILT_PRODUCTS_DIR; };
		3AD02D18293D2014001DD655 /* f1version2App.swift */ = {isa = PBXFileReference; lastKnownFileType = sourcecode.swift; path = f1version2App.swift; sourceTree = "<group>"; };
		3AD02D1A293D2014001DD655 /* ContentView.swift */ = {isa = PBXFileReference; lastKnownFileType = sourcecode.swift; path = ContentView.swift; sourceTree = "<group>"; };
		3AD02D1C293D2015001DD655 /* Assets.xcassets */ = {isa = PBXFileReference; lastKnownFileType = folder.assetcatalog; path = Assets.xcassets; sourceTree = "<group>"; };
		3AD02D1F293D2015001DD655 /* Preview Assets.xcassets */ = {isa = PBXFileReference; lastKnownFileType = folder.assetcatalog; path = "Preview Assets.xcassets"; sourceTree = "<group>"; };
		3AD02D28293D2097001DD655 /* MenuView.swift */ = {isa = PBXFileReference; lastKnownFileType = sourcecode.swift; path = MenuView.swift; sourceTree = "<group>"; };
		3AD02D2A293D2684001DD655 /* RaceTracksView.swift */ = {isa = PBXFileReference; lastKnownFileType = sourcecode.swift; path = RaceTracksView.swift; sourceTree = "<group>"; };
/* End PBXFileReference section */

/* Begin PBXFrameworksBuildPhase section */
		3AD02CF2293D1FD8001DD655 /* Frameworks */ = {
			isa = PBXFrameworksBuildPhase;
			buildActionMask = 2147483647;
			files = (
			);
			runOnlyForDeploymentPostprocessing = 0;
		};
		3AD02D10293D2014001DD655 /* Frameworks */ = {
			isa = PBXFrameworksBuildPhase;
			buildActionMask = 2147483647;
			files = (
			);
			runOnlyForDeploymentPostprocessing = 0;
		};
/* End PBXFrameworksBuildPhase section */

/* Begin PBXGroup section */
		3AD02CEC293D1FD8001DD655 = {
			isa = PBXGroup;
			children = (
				3AD02CF7293D1FD8001DD655 /* testwatch */,
				3AD02D17293D2014001DD655 /* f1version2 Watch App */,
				3AD02CF6293D1FD8001DD655 /* Products */,
			);
			sourceTree = "<group>";
		};
		3AD02CF6293D1FD8001DD655 /* Products */ = {
			isa = PBXGroup;
			children = (
				3AD02CF5293D1FD8001DD655 /* testwatch.app */,
				3AD02D0E293D2014001DD655 /* f1version2.app */,
				3AD02D13293D2014001DD655 /* f1version2 Watch App.app */,
			);
			name = Products;
			sourceTree = "<group>";
		};
		3AD02CF7293D1FD8001DD655 /* testwatch */ = {
			isa = PBXGroup;
			children = (
				3AD02CF8293D1FD8001DD655 /* AppDelegate.swift */,
				3AD02CFA293D1FD8001DD655 /* SceneDelegate.swift */,
				3AD02CFC293D1FD8001DD655 /* ViewController.swift */,
				3AD02CFE293D1FD8001DD655 /* Main.storyboard */,
				3AD02D01293D1FD9001DD655 /* Assets.xcassets */,
				3AD02D03293D1FD9001DD655 /* LaunchScreen.storyboard */,
				3AD02D06293D1FD9001DD655 /* Info.plist */,
			);
			path = testwatch;
			sourceTree = "<group>";
		};
		3AD02D17293D2014001DD655 /* f1version2 Watch App */ = {
			isa = PBXGroup;
			children = (
				3AD02D18293D2014001DD655 /* f1version2App.swift */,
				3AD02D1A293D2014001DD655 /* ContentView.swift */,
				3AD02D28293D2097001DD655 /* MenuView.swift */,
				3AD02D2A293D2684001DD655 /* RaceTracksView.swift */,
				3AD02D1C293D2015001DD655 /* Assets.xcassets */,
				3AD02D1E293D2015001DD655 /* Preview Content */,
			);
			path = "f1version2 Watch App";
			sourceTree = "<group>";
		};
		3AD02D1E293D2015001DD655 /* Preview Content */ = {
			isa = PBXGroup;
			children = (
				3AD02D1F293D2015001DD655 /* Preview Assets.xcassets */,
			);
			path = "Preview Content";
			sourceTree = "<group>";
		};
/* End PBXGroup section */

/* Begin PBXNativeTarget section */
		3AD02CF4293D1FD8001DD655 /* testwatch */ = {
			isa = PBXNativeTarget;
			buildConfigurationList = 3AD02D09293D1FD9001DD655 /* Build configuration list for PBXNativeTarget "testwatch" */;
			buildPhases = (
				3AD02CF1293D1FD8001DD655 /* Sources */,
				3AD02CF2293D1FD8001DD655 /* Frameworks */,
				3AD02CF3293D1FD8001DD655 /* Resources */,
			);
			buildRules = (
			);
			dependencies = (
			);
			name = testwatch;
			productName = testwatch;
			productReference = 3AD02CF5293D1FD8001DD655 /* testwatch.app */;
			productType = "com.apple.product-type.application";
		};
		3AD02D0D293D2014001DD655 /* f1version2 */ = {
			isa = PBXNativeTarget;
			buildConfigurationList = 3AD02D25293D2015001DD655 /* Build configuration list for PBXNativeTarget "f1version2" */;
			buildPhases = (
				3AD02D0C293D2014001DD655 /* Resources */,
				3AD02D24293D2015001DD655 /* Embed Watch Content */,
			);
			buildRules = (
			);
			dependencies = (
				3AD02D16293D2014001DD655 /* PBXTargetDependency */,
			);
			name = f1version2;
			productName = f1version2;
			productReference = 3AD02D0E293D2014001DD655 /* f1version2.app */;
			productType = "com.apple.product-type.application.watchapp2-container";
		};
		3AD02D12293D2014001DD655 /* f1version2 Watch App */ = {
			isa = PBXNativeTarget;
			buildConfigurationList = 3AD02D21293D2015001DD655 /* Build configuration list for PBXNativeTarget "f1version2 Watch App" */;
			buildPhases = (
				3AD02D0F293D2014001DD655 /* Sources */,
				3AD02D10293D2014001DD655 /* Frameworks */,
				3AD02D11293D2014001DD655 /* Resources */,
			);
			buildRules = (
			);
			dependencies = (
			);
			name = "f1version2 Watch App";
			productName = "f1version2 Watch App";
			productReference = 3AD02D13293D2014001DD655 /* f1version2 Watch App.app */;
			productType = "com.apple.product-type.application";
		};
/* End PBXNativeTarget section */

/* Begin PBXProject section */
		3AD02CED293D1FD8001DD655 /* Project object */ = {
			isa = PBXProject;
			attributes = {
				BuildIndependentTargetsInParallel = 1;
				LastSwiftUpdateCheck = 1410;
				LastUpgradeCheck = 1410;
				TargetAttributes = {
					3AD02CF4293D1FD8001DD655 = {
						CreatedOnToolsVersion = 14.1;
					};
					3AD02D0D293D2014001DD655 = {
						CreatedOnToolsVersion = 14.1;
					};
					3AD02D12293D2014001DD655 = {
						CreatedOnToolsVersion = 14.1;
					};
				};
			};
			buildConfigurationList = 3AD02CF0293D1FD8001DD655 /* Build configuration list for PBXProject "testwatch" */;
			compatibilityVersion = "Xcode 14.0";
			developmentRegion = en;
			hasScannedForEncodings = 0;
			knownRegions = (
				en,
				Base,
			);
			mainGroup = 3AD02CEC293D1FD8001DD655;
			productRefGroup = 3AD02CF6293D1FD8001DD655 /* Products */;
			projectDirPath = "";
			projectRoot = "";
			targets = (
				3AD02CF4293D1FD8001DD655 /* testwatch */,
				3AD02D0D293D2014001DD655 /* f1version2 */,
				3AD02D12293D2014001DD655 /* f1version2 Watch App */,
			);
		};
/* End PBXProject section */

/* Begin PBXResourcesBuildPhase section */
		3AD02CF3293D1FD8001DD655 /* Resources */ = {
			isa = PBXResourcesBuildPhase;
			buildActionMask = 2147483647;
			files = (
				3AD02D05293D1FD9001DD655 /* LaunchScreen.storyboard in Resources */,
				3AD02D02293D1FD9001DD655 /* Assets.xcassets in Resources */,
				3AD02D00293D1FD8001DD655 /* Main.storyboard in Resources */,
			);
			runOnlyForDeploymentPostprocessing = 0;
		};
		3AD02D0C293D2014001DD655 /* Resources */ = {
			isa = PBXResourcesBuildPhase;
			buildActionMask = 2147483647;
			files = (
			);
			runOnlyForDeploymentPostprocessing = 0;
		};
		3AD02D11293D2014001DD655 /* Resources */ = {
			isa = PBXResourcesBuildPhase;
			buildActionMask = 2147483647;
			files = (
				3AD02D20293D2015001DD655 /* Preview Assets.xcassets in Resources */,
				3AD02D1D293D2015001DD655 /* Assets.xcassets in Resources */,
			);
			runOnlyForDeploymentPostprocessing = 0;
		};
/* End PBXResourcesBuildPhase section */

/* Begin PBXSourcesBuildPhase section */
		3AD02CF1293D1FD8001DD655 /* Sources */ = {
			isa = PBXSourcesBuildPhase;
			buildActionMask = 2147483647;
			files = (
				3AD02CFD293D1FD8001DD655 /* ViewController.swift in Sources */,
				3AD02CF9293D1FD8001DD655 /* AppDelegate.swift in Sources */,
				3AD02CFB293D1FD8001DD655 /* SceneDelegate.swift in Sources */,
			);
			runOnlyForDeploymentPostprocessing = 0;
		};
		3AD02D0F293D2014001DD655 /* Sources */ = {
			isa = PBXSourcesBuildPhase;
			buildActionMask = 2147483647;
			files = (
				3AD02D1B293D2014001DD655 /* ContentView.swift in Sources */,
				3AD02D2B293D2684001DD655 /* RaceTracksView.swift in Sources */,
				3AD02D29293D2097001DD655 /* MenuView.swift in Sources */,
				3AD02D19293D2014001DD655 /* f1version2App.swift in Sources */,
			);
			runOnlyForDeploymentPostprocessing = 0;
		};
/* End PBXSourcesBuildPhase section */

/* Begin PBXTargetDependency section */
		3AD02D16293D2014001DD655 /* PBXTargetDependency */ = {
			isa = PBXTargetDependency;
			target = 3AD02D12293D2014001DD655 /* f1version2 Watch App */;
			targetProxy = 3AD02D15293D2014001DD655 /* PBXContainerItemProxy */;
		};
/* End PBXTargetDependency section */

/* Begin PBXVariantGroup section */
		3AD02CFE293D1FD8001DD655 /* Main.storyboard */ = {
			isa = PBXVariantGroup;
			children = (
				3AD02CFF293D1FD8001DD655 /* Base */,
			);
			name = Main.storyboard;
			sourceTree = "<group>";
		};
		3AD02D03293D1FD9001DD655 /* LaunchScreen.storyboard */ = {
			isa = PBXVariantGroup;
			children = (
				3AD02D04293D1FD9001DD655 /* Base */,
			);
			name = LaunchScreen.storyboard;
			sourceTree = "<group>";
		};
/* End PBXVariantGroup section */

/* Begin XCBuildConfiguration section */
		3AD02D07293D1FD9001DD655 /* Debug */ = {
			isa = XCBuildConfiguration;
			buildSettings = {
				ALWAYS_SEARCH_USER_PATHS = NO;
				CLANG_ANALYZER_NONNULL = YES;
				CLANG_ANALYZER_NUMBER_OBJECT_CONVERSION = YES_AGGRESSIVE;
				CLANG_CXX_LANGUAGE_STANDARD = "gnu++20";
				CLANG_ENABLE_MODULES = YES;
				CLANG_ENABLE_OBJC_ARC = YES;
				CLANG_ENABLE_OBJC_WEAK = YES;
				CLANG_WARN_BLOCK_CAPTURE_AUTORELEASING = YES;
				CLANG_WARN_BOOL_CONVERSION = YES;
				CLANG_WARN_COMMA = YES;
				CLANG_WARN_CONSTANT_CONVERSION = YES;
				CLANG_WARN_DEPRECATED_OBJC_IMPLEMENTATIONS = YES;
				CLANG_WARN_DIRECT_OBJC_ISA_USAGE = YES_ERROR;
				CLANG_WARN_DOCUMENTATION_COMMENTS = YES;
				CLANG_WARN_EMPTY_BODY = YES;
				CLANG_WARN_ENUM_CONVERSION = YES;
				CLANG_WARN_INFINITE_RECURSION = YES;
				CLANG_WARN_INT_CONVERSION = YES;
				CLANG_WARN_NON_LITERAL_NULL_CONVERSION = YES;
				CLANG_WARN_OBJC_IMPLICIT_RETAIN_SELF = YES;
				CLANG_WARN_OBJC_LITERAL_CONVERSION = YES;
				CLANG_WARN_OBJC_ROOT_CLASS = YES_ERROR;
				CLANG_WARN_QUOTED_INCLUDE_IN_FRAMEWORK_HEADER = YES;
				CLANG_WARN_RANGE_LOOP_ANALYSIS = YES;
				CLANG_WARN_STRICT_PROTOTYPES = YES;
				CLANG_WARN_SUSPICIOUS_MOVE = YES;
				CLANG_WARN_UNGUARDED_AVAILABILITY = YES_AGGRESSIVE;
				CLANG_WARN_UNREACHABLE_CODE = YES;
				CLANG_WARN__DUPLICATE_METHOD_MATCH = YES;
				COPY_PHASE_STRIP = NO;
				DEBUG_INFORMATION_FORMAT = dwarf;
				ENABLE_STRICT_OBJC_MSGSEND = YES;
				ENABLE_TESTABILITY = YES;
				GCC_C_LANGUAGE_STANDARD = gnu11;
				GCC_DYNAMIC_NO_PIC = NO;
				GCC_NO_COMMON_BLOCKS = YES;
				GCC_OPTIMIZATION_LEVEL = 0;
				GCC_PREPROCESSOR_DEFINITIONS = (
					"DEBUG=1",
					"$(inherited)",
				);
				GCC_WARN_64_TO_32_BIT_CONVERSION = YES;
				GCC_WARN_ABOUT_RETURN_TYPE = YES_ERROR;
				GCC_WARN_UNDECLARED_SELECTOR = YES;
				GCC_WARN_UNINITIALIZED_AUTOS = YES_AGGRESSIVE;
				GCC_WARN_UNUSED_FUNCTION = YES;
				GCC_WARN_UNUSED_VARIABLE = YES;
				IPHONEOS_DEPLOYMENT_TARGET = 16.1;
				MTL_ENABLE_DEBUG_INFO = INCLUDE_SOURCE;
				MTL_FAST_MATH = YES;
				ONLY_ACTIVE_ARCH = YES;
				SDKROOT = iphoneos;
				SWIFT_ACTIVE_COMPILATION_CONDITIONS = DEBUG;
				SWIFT_OPTIMIZATION_LEVEL = "-Onone";
			};
			name = Debug;
		};
		3AD02D08293D1FD9001DD655 /* Release */ = {
			isa = XCBuildConfiguration;
			buildSettings = {
				ALWAYS_SEARCH_USER_PATHS = NO;
				CLANG_ANALYZER_NONNULL = YES;
				CLANG_ANALYZER_NUMBER_OBJECT_CONVERSION = YES_AGGRESSIVE;
				CLANG_CXX_LANGUAGE_STANDARD = "gnu++20";
				CLANG_ENABLE_MODULES = YES;
				CLANG_ENABLE_OBJC_ARC = YES;
				CLANG_ENABLE_OBJC_WEAK = YES;
				CLANG_WARN_BLOCK_CAPTURE_AUTORELEASING = YES;
				CLANG_WARN_BOOL_CONVERSION = YES;
				CLANG_WARN_COMMA = YES;
				CLANG_WARN_CONSTANT_CONVERSION = YES;
				CLANG_WARN_DEPRECATED_OBJC_IMPLEMENTATIONS = YES;
				CLANG_WARN_DIRECT_OBJC_ISA_USAGE = YES_ERROR;
				CLANG_WARN_DOCUMENTATION_COMMENTS = YES;
				CLANG_WARN_EMPTY_BODY = YES;
				CLANG_WARN_ENUM_CONVERSION = YES;
				CLANG_WARN_INFINITE_RECURSION = YES;
				CLANG_WARN_INT_CONVERSION = YES;
				CLANG_WARN_NON_LITERAL_NULL_CONVERSION = YES;
				CLANG_WARN_OBJC_IMPLICIT_RETAIN_SELF = YES;
				CLANG_WARN_OBJC_LITERAL_CONVERSION = YES;
				CLANG_WARN_OBJC_ROOT_CLASS = YES_ERROR;
				CLANG_WARN_QUOTED_INCLUDE_IN_FRAMEWORK_HEADER = YES;
				CLANG_WARN_RANGE_LOOP_ANALYSIS = YES;
				CLANG_WARN_STRICT_PROTOTYPES = YES;
				CLANG_WARN_SUSPICIOUS_MOVE = YES;
				CLANG_WARN_UNGUARDED_AVAILABILITY = YES_AGGRESSIVE;
				CLANG_WARN_UNREACHABLE_CODE = YES;
				CLANG_WARN__DUPLICATE_METHOD_MATCH = YES;
				COPY_PHASE_STRIP = NO;
				DEBUG_INFORMATION_FORMAT = "dwarf-with-dsym";
				ENABLE_NS_ASSERTIONS = NO;
				ENABLE_STRICT_OBJC_MSGSEND = YES;
				GCC_C_LANGUAGE_STANDARD = gnu11;
				GCC_NO_COMMON_BLOCKS = YES;
				GCC_WARN_64_TO_32_BIT_CONVERSION = YES;
				GCC_WARN_ABOUT_RETURN_TYPE = YES_ERROR;
				GCC_WARN_UNDECLARED_SELECTOR = YES;
				GCC_WARN_UNINITIALIZED_AUTOS = YES_AGGRESSIVE;
				GCC_WARN_UNUSED_FUNCTION = YES;
				GCC_WARN_UNUSED_VARIABLE = YES;
				IPHONEOS_DEPLOYMENT_TARGET = 16.1;
				MTL_ENABLE_DEBUG_INFO = NO;
				MTL_FAST_MATH = YES;
				SDKROOT = iphoneos;
				SWIFT_COMPILATION_MODE = wholemodule;
				SWIFT_OPTIMIZATION_LEVEL = "-O";
				VALIDATE_PRODUCT = YES;
			};
			name = Release;
		};
		3AD02D0A293D1FD9001DD655 /* Debug */ = {
			isa = XCBuildConfiguration;
			buildSettings = {
				ASSETCATALOG_COMPILER_APPICON_NAME = AppIcon;
				ASSETCATALOG_COMPILER_GLOBAL_ACCENT_COLOR_NAME = AccentColor;
				CODE_SIGN_STYLE = Automatic;
				CURRENT_PROJECT_VERSION = 1;
				DEVELOPMENT_TEAM = UTK74TDX9R;
				GENERATE_INFOPLIST_FILE = YES;
				INFOPLIST_FILE = testwatch/Info.plist;
				INFOPLIST_KEY_UIApplicationSupportsIndirectInputEvents = YES;
				INFOPLIST_KEY_UILaunchStoryboardName = LaunchScreen;
				INFOPLIST_KEY_UIMainStoryboardFile = Main;
				INFOPLIST_KEY_UISupportedInterfaceOrientations_iPad = "UIInterfaceOrientationPortrait UIInterfaceOrientationPortraitUpsideDown UIInterfaceOrientationLandscapeLeft UIInterfaceOrientationLandscapeRight";
				INFOPLIST_KEY_UISupportedInterfaceOrientations_iPhone = "UIInterfaceOrientationPortrait UIInterfaceOrientationLandscapeLeft UIInterfaceOrientationLandscapeRight";
				LD_RUNPATH_SEARCH_PATHS = (
					"$(inherited)",
					"@executable_path/Frameworks",
				);
				MARKETING_VERSION = 1.0;
				PRODUCT_BUNDLE_IDENTIFIER = academy.ufpe.testwatch;
				PRODUCT_NAME = "$(TARGET_NAME)";
				SWIFT_EMIT_LOC_STRINGS = YES;
				SWIFT_VERSION = 5.0;
				TARGETED_DEVICE_FAMILY = "1,2";
			};
			name = Debug;
		};
		3AD02D0B293D1FD9001DD655 /* Release */ = {
			isa = XCBuildConfiguration;
			buildSettings = {
				ASSETCATALOG_COMPILER_APPICON_NAME = AppIcon;
				ASSETCATALOG_COMPILER_GLOBAL_ACCENT_COLOR_NAME = AccentColor;
				CODE_SIGN_STYLE = Automatic;
				CURRENT_PROJECT_VERSION = 1;
				DEVELOPMENT_TEAM = UTK74TDX9R;
				GENERATE_INFOPLIST_FILE = YES;
				INFOPLIST_FILE = testwatch/Info.plist;
				INFOPLIST_KEY_UIApplicationSupportsIndirectInputEvents = YES;
				INFOPLIST_KEY_UILaunchStoryboardName = LaunchScreen;
				INFOPLIST_KEY_UIMainStoryboardFile = Main;
				INFOPLIST_KEY_UISupportedInterfaceOrientations_iPad = "UIInterfaceOrientationPortrait UIInterfaceOrientationPortraitUpsideDown UIInterfaceOrientationLandscapeLeft UIInterfaceOrientationLandscapeRight";
				INFOPLIST_KEY_UISupportedInterfaceOrientations_iPhone = "UIInterfaceOrientationPortrait UIInterfaceOrientationLandscapeLeft UIInterfaceOrientationLandscapeRight";
				LD_RUNPATH_SEARCH_PATHS = (
					"$(inherited)",
					"@executable_path/Frameworks",
				);
				MARKETING_VERSION = 1.0;
				PRODUCT_BUNDLE_IDENTIFIER = academy.ufpe.testwatch;
				PRODUCT_NAME = "$(TARGET_NAME)";
				SWIFT_EMIT_LOC_STRINGS = YES;
				SWIFT_VERSION = 5.0;
				TARGETED_DEVICE_FAMILY = "1,2";
			};
			name = Release;
		};
		3AD02D22293D2015001DD655 /* Debug */ = {
			isa = XCBuildConfiguration;
			buildSettings = {
				ASSETCATALOG_COMPILER_APPICON_NAME = AppIcon;
				ASSETCATALOG_COMPILER_GLOBAL_ACCENT_COLOR_NAME = AccentColor;
				CODE_SIGN_STYLE = Automatic;
				CURRENT_PROJECT_VERSION = 1;
				DEVELOPMENT_ASSET_PATHS = "\"f1version2 Watch App/Preview Content\"";
				DEVELOPMENT_TEAM = UTK74TDX9R;
				ENABLE_PREVIEWS = YES;
				GENERATE_INFOPLIST_FILE = YES;
				INFOPLIST_KEY_CFBundleDisplayName = f1version2;
				INFOPLIST_KEY_UISupportedInterfaceOrientations = "UIInterfaceOrientationPortrait UIInterfaceOrientationPortraitUpsideDown";
				INFOPLIST_KEY_WKWatchOnly = YES;
				LD_RUNPATH_SEARCH_PATHS = (
					"$(inherited)",
					"@executable_path/Frameworks",
				);
				MARKETING_VERSION = 1.0;
				PRODUCT_BUNDLE_IDENTIFIER = academy.ufpe.f1version2.watchkitapp;
				PRODUCT_NAME = "$(TARGET_NAME)";
				SDKROOT = watchos;
				SKIP_INSTALL = YES;
				SWIFT_EMIT_LOC_STRINGS = YES;
				SWIFT_VERSION = 5.0;
				TARGETED_DEVICE_FAMILY = 4;
				WATCHOS_DEPLOYMENT_TARGET = 9.1;
			};
			name = Debug;
		};
		3AD02D23293D2015001DD655 /* Release */ = {
			isa = XCBuildConfiguration;
			buildSettings = {
				ASSETCATALOG_COMPILER_APPICON_NAME = AppIcon;
				ASSETCATALOG_COMPILER_GLOBAL_ACCENT_COLOR_NAME = AccentColor;
				CODE_SIGN_STYLE = Automatic;
				CURRENT_PROJECT_VERSION = 1;
				DEVELOPMENT_ASSET_PATHS = "\"f1version2 Watch App/Preview Content\"";
				DEVELOPMENT_TEAM = UTK74TDX9R;
				ENABLE_PREVIEWS = YES;
				GENERATE_INFOPLIST_FILE = YES;
				INFOPLIST_KEY_CFBundleDisplayName = f1version2;
				INFOPLIST_KEY_UISupportedInterfaceOrientations = "UIInterfaceOrientationPortrait UIInterfaceOrientationPortraitUpsideDown";
				INFOPLIST_KEY_WKWatchOnly = YES;
				LD_RUNPATH_SEARCH_PATHS = (
					"$(inherited)",
					"@executable_path/Frameworks",
				);
				MARKETING_VERSION = 1.0;
				PRODUCT_BUNDLE_IDENTIFIER = academy.ufpe.f1version2.watchkitapp;
				PRODUCT_NAME = "$(TARGET_NAME)";
				SDKROOT = watchos;
				SKIP_INSTALL = YES;
				SWIFT_EMIT_LOC_STRINGS = YES;
				SWIFT_VERSION = 5.0;
				TARGETED_DEVICE_FAMILY = 4;
				WATCHOS_DEPLOYMENT_TARGET = 9.1;
			};
			name = Release;
		};
		3AD02D26293D2015001DD655 /* Debug */ = {
			isa = XCBuildConfiguration;
			buildSettings = {
				ALWAYS_EMBED_SWIFT_STANDARD_LIBRARIES = YES;
				CODE_SIGN_STYLE = Automatic;
				CURRENT_PROJECT_VERSION = 1;
				DEVELOPMENT_TEAM = UTK74TDX9R;
				INFOPLIST_KEY_CFBundleDisplayName = f1version2;
				MARKETING_VERSION = 1.0;
				PRODUCT_BUNDLE_IDENTIFIER = academy.ufpe.f1version2;
				PRODUCT_NAME = "$(TARGET_NAME)";
				SWIFT_VERSION = 5.0;
			};
			name = Debug;
		};
		3AD02D27293D2015001DD655 /* Release */ = {
			isa = XCBuildConfiguration;
			buildSettings = {
				ALWAYS_EMBED_SWIFT_STANDARD_LIBRARIES = YES;
				CODE_SIGN_STYLE = Automatic;
				CURRENT_PROJECT_VERSION = 1;
				DEVELOPMENT_TEAM = UTK74TDX9R;
				INFOPLIST_KEY_CFBundleDisplayName = f1version2;
				MARKETING_VERSION = 1.0;
				PRODUCT_BUNDLE_IDENTIFIER = academy.ufpe.f1version2;
				PRODUCT_NAME = "$(TARGET_NAME)";
				SWIFT_VERSION = 5.0;
			};
			name = Release;
		};
/* End XCBuildConfiguration section */

/* Begin XCConfigurationList section */
		3AD02CF0293D1FD8001DD655 /* Build configuration list for PBXProject "testwatch" */ = {
			isa = XCConfigurationList;
			buildConfigurations = (
				3AD02D07293D1FD9001DD655 /* Debug */,
				3AD02D08293D1FD9001DD655 /* Release */,
			);
			defaultConfigurationIsVisible = 0;
			defaultConfigurationName = Release;
		};
		3AD02D09293D1FD9001DD655 /* Build configuration list for PBXNativeTarget "testwatch" */ = {
			isa = XCConfigurationList;
			buildConfigurations = (
				3AD02D0A293D1FD9001DD655 /* Debug */,
				3AD02D0B293D1FD9001DD655 /* Release */,
			);
			defaultConfigurationIsVisible = 0;
			defaultConfigurationName = Release;
		};
		3AD02D21293D2015001DD655 /* Build configuration list for PBXNativeTarget "f1version2 Watch App" */ = {
			isa = XCConfigurationList;
			buildConfigurations = (
				3AD02D22293D2015001DD655 /* Debug */,
				3AD02D23293D2015001DD655 /* Release */,
			);
			defaultConfigurationIsVisible = 0;
			defaultConfigurationName = Release;
		};
		3AD02D25293D2015001DD655 /* Build configuration list for PBXNativeTarget "f1version2" */ = {
			isa = XCConfigurationList;
			buildConfigurations = (
				3AD02D26293D2015001DD655 /* Debug */,
				3AD02D27293D2015001DD655 /* Release */,
			);
			defaultConfigurationIsVisible = 0;
			defaultConfigurationName = Release;
		};
/* End XCConfigurationList section */
	};
	rootObject = 3AD02CED293D1FD8001DD655 /* Project object */;
}
